
Microsoft Visual Studio Solution File, Format Version 12.00
# Visual Studio Version 17
VisualStudioVersion = 17.9.34616.47
MinimumVisualStudioVersion = 10.0.40219.1
Project("{FAE04EC0-301F-11D3-BF4B-00C04F79EFBC}") = "Dvumerni masivi", "Dvumerni masivi\Dvumerni masivi.csproj", "{74307BA4-C1BB-400A-9088-3994FB5749AD}"
EndProject
Project("{FAE04EC0-301F-11D3-BF4B-00C04F79EFBC}") = "Sum", "Sum\Sum.csproj", "{44B31362-40C3-4B69-B06E-CD63FC67DD9A}"
EndProject
Project("{FAE04EC0-301F-11D3-BF4B-00C04F79EFBC}") = "Min koloni", "Min koloni\Min koloni.csproj", "{31604347-1D62-4358-B74D-EF48E10A4C37}"
EndProject
Project("{FAE04EC0-301F-11D3-BF4B-00C04F79EFBC}") = "Lotariq", "Lotariq\Lotariq.csproj", "{AAFBBF3F-5BEA-4F62-8DA6-4CC67387A987}"
EndProject
Global
	GlobalSection(SolutionConfigurationPlatforms) = preSolution
		Debug|Any CPU = Debug|Any CPU
		Release|Any CPU = Release|Any CPU
	EndGlobalSection
	GlobalSection(ProjectConfigurationPlatforms) = postSolution
		{74307BA4-C1BB-400A-9088-3994FB5749AD}.Debug|Any CPU.ActiveCfg = Debug|Any CPU
		{74307BA4-C1BB-400A-9088-3994FB5749AD}.Debug|Any CPU.Build.0 = Debug|Any CPU
		{74307BA4-C1BB-400A-9088-3994FB5749AD}.Release|Any CPU.ActiveCfg = Release|Any CPU
		{74307BA4-C1BB-400A-9088-3994FB5749AD}.Release|Any CPU.Build.0 = Release|Any CPU
		{44B31362-40C3-4B69-B06E-CD63FC67DD9A}.Debug|Any CPU.ActiveCfg = Debug|Any CPU
		{44B31362-40C3-4B69-B06E-CD63FC67DD9A}.Debug|Any CPU.Build.0 = Debug|Any CPU
		{44B31362-40C3-4B69-B06E-CD63FC67DD9A}.Release|Any CPU.ActiveCfg = Release|Any CPU
		{44B31362-40C3-4B69-B06E-CD63FC67DD9A}.Release|Any CPU.Build.0 = Release|Any CPU
		{31604347-1D62-4358-B74D-EF48E10A4C37}.Debug|Any CPU.ActiveCfg = Debug|Any CPU
		{31604347-1D62-4358-B74D-EF48E10A4C37}.Debug|Any CPU.Build.0 = Debug|Any CPU
		{31604347-1D62-4358-B74D-EF48E10A4C37}.Release|Any CPU.ActiveCfg = Release|Any CPU
		{31604347-1D62-4358-B74D-EF48E10A4C37}.Release|Any CPU.Build.0 = Release|Any CPU
		{AAFBBF3F-5BEA-4F62-8DA6-4CC67387A987}.Debug|Any CPU.ActiveCfg = Debug|Any CPU
		{AAFBBF3F-5BEA-4F62-8DA6-4CC67387A987}.Debug|Any CPU.Build.0 = Debug|Any CPU
		{AAFBBF3F-5BEA-4F62-8DA6-4CC67387A987}.Release|Any CPU.ActiveCfg = Release|Any CPU
		{AAFBBF3F-5BEA-4F62-8DA6-4CC67387A987}.Release|Any CPU.Build.0 = Release|Any CPU
	EndGlobalSection
	GlobalSection(SolutionProperties) = preSolution
		HideSolutionNode = FALSE
	EndGlobalSection
	GlobalSection(ExtensibilityGlobals) = postSolution
		SolutionGuid = {7A1ACC53-F825-4B54-A74C-EFF7BF4CB014}
	EndGlobalSection
EndGlobal
